// !$*UTF8*$!
{
	archiveVersion = 1;
	classes = {
	};
	objectVersion = 77;
	objects = {

/* Begin PBXBuildFile section */
		035D5A2A842685CDE3A8053F /* AlertRegion.swift in Sources */ = {isa = PBXBuildFile; fileRef = 5E725A6AA00F1F2090A7BEA7 /* AlertRegion.swift */; };
		0BF5F32FB26B890732259C61 /* Assets.xcassets in Resources */ = {isa = PBXBuildFile; fileRef = 8BA16504A891512121DBF64D /* Assets.xcassets */; };
		1D0C280BB11CFCDC3CAF26EC /* GoogleService-Info.plist in Resources */ = {isa = PBXBuildFile; fileRef = FC3BC3D8DF3F910DA14871B1 /* GoogleService-Info.plist */; };
		2E6D12A84049E12DAD1085CD /* ErrorView.swift in Sources */ = {isa = PBXBuildFile; fileRef = 3C09ADEA4D52330CA8C514F0 /* ErrorView.swift */; };
		32861EDC02596352A97E2630 /* SirenUAApp.swift in Sources */ = {isa = PBXBuildFile; fileRef = 5BE89A0DCB959AB4DDF739E8 /* SirenUAApp.swift */; };
		360CC8F390534947DC52FC7E /* AlertViewModelV3.swift in Sources */ = {isa = PBXBuildFile; fileRef = D030500F1F4D0B8471A88103 /* AlertViewModelV3.swift */; };
		3D16E1A13F301CF850EEDEE8 /* LocationManager.swift in Sources */ = {isa = PBXBuildFile; fileRef = 3F0013A9A66BAEA943D110B2 /* LocationManager.swift */; };
		49466FA86A652C232591F891 /* GeoJSONManager.swift in Sources */ = {isa = PBXBuildFile; fileRef = CD053B9754B66B36FE55849E /* GeoJSONManager.swift */; };
		5316B808E69D69E986C8EF98 /* SirenUATests.swift in Sources */ = {isa = PBXBuildFile; fileRef = 5555D0ACDDF16CE8A2BB3331 /* SirenUATests.swift */; };
		59FB00679BD0DCE007DEDEE3 /* AlertRegionDetailView.swift in Sources */ = {isa = PBXBuildFile; fileRef = 091089E57CCE3C6765599515 /* AlertRegionDetailView.swift */; };
		6641B169DC12DCDDC2B1AF8F /* vidbiy.wav in Resources */ = {isa = PBXBuildFile; fileRef = 53632C2C3EF10CCFEBFEFEF9 /* vidbiy.wav */; };
		6666B1AB2B572913D0B5AF33 /* StoreKitManager.swift in Sources */ = {isa = PBXBuildFile; fileRef = 68EC910745AFC030C9AA4221 /* StoreKitManager.swift */; };
		70F0E935C5B499A74D89BBD8 /* warning.wav in Resources */ = {isa = PBXBuildFile; fileRef = EFD7AABBBDBB2CA5C7BE4BEA /* warning.wav */; };
		76125A2F5230A43D69AC7E8C /* ukraine_regions.geojson in Resources */ = {isa = PBXBuildFile; fileRef = 8601EC2B196450F8EC9C782E /* ukraine_regions.geojson */; };
		7877DCE88DFB4E8DFC918AE5 /* AppDelegate.swift in Sources */ = {isa = PBXBuildFile; fileRef = 8F7FB3048F4260BCAEE21C4F /* AppDelegate.swift */; };
		8EDE3FE7D3DFFFBED776F901 /* ContentView.swift in Sources */ = {isa = PBXBuildFile; fileRef = F207912A937C87B6D7143563 /* ContentView.swift */; };
		D93974F2D5ACB6B3F7C82F10 /* MapComponents.swift in Sources */ = {isa = PBXBuildFile; fileRef = 48ADBDC6A7EFDD74D0BE51CD /* MapComponents.swift */; };
		C0F781FEC3AD217C5038F12C /* FirebaseMessaging in Frameworks */ = {isa = PBXBuildFile; productRef = 75B406C5353E9D61FB78753B /* FirebaseMessaging */; };
		DFD5CFBE2F924CA3EBAF8C12 /* CriticalAlertManager.swift in Sources */ = {isa = PBXBuildFile; fileRef = 1D5CF43F48702EDF4967BC37 /* CriticalAlertManager.swift */; };
		E25B06D0D4041BFD0F4145D3 /* NotificationManager.swift in Sources */ = {isa = PBXBuildFile; fileRef = 75D1CBFD6A5EF01AD76B8D06 /* NotificationManager.swift */; };
		E7E9910F0D8585C65D4354B0 /* SettingsView.swift in Sources */ = {isa = PBXBuildFile; fileRef = 350F86D91B43A65872F753FF /* SettingsView.swift */; };
		EA5C79F241ACC26C7F16F20C /* NetworkManager.swift in Sources */ = {isa = PBXBuildFile; fileRef = C620D89A60507FFC74C69528 /* NetworkManager.swift */; };
		F6ED65D08CBFBAA31215E71C /* iOS16FallbackView.swift in Sources */ = {isa = PBXBuildFile; fileRef = 6D32ECD70639E932D11EA5CE /* iOS16FallbackView.swift */; };
		F9981CFEFAF1962CC2C1E43D /* siren.wav in Resources */ = {isa = PBXBuildFile; fileRef = 8F2BECB950730B1B0C48EE56 /* siren.wav */; };
/* End PBXBuildFile section */

/* Begin PBXContainerItemProxy section */
		F08055A8B2905AE93EDD2FAA /* PBXContainerItemProxy */ = {
			isa = PBXContainerItemProxy;
			containerPortal = 3334E6041B77B4CFD34C545C /* Project object */;
			proxyType = 1;
			remoteGlobalIDString = D39A6B242D4A85E6D3CD2867;
			remoteInfo = SirenUA;
		};
/* End PBXContainerItemProxy section */

/* Begin PBXFileReference section */
		0339979594E28EFDB0679230 /* SirenUA.entitlements */ = {isa = PBXFileReference; lastKnownFileType = text.plist.entitlements; path = SirenUA.entitlements; sourceTree = "<group>"; };
		091089E57CCE3C6765599515 /* AlertRegionDetailView.swift */ = {isa = PBXFileReference; lastKnownFileType = sourcecode.swift; path = AlertRegionDetailView.swift; sourceTree = "<group>"; };
		1D5CF43F48702EDF4967BC37 /* CriticalAlertManager.swift */ = {isa = PBXFileReference; lastKnownFileType = sourcecode.swift; path = CriticalAlertManager.swift; sourceTree = "<group>"; };
		350F86D91B43A65872F753FF /* SettingsView.swift */ = {isa = PBXFileReference; lastKnownFileType = sourcecode.swift; path = SettingsView.swift; sourceTree = "<group>"; };
		3C09ADEA4D52330CA8C514F0 /* ErrorView.swift */ = {isa = PBXFileReference; lastKnownFileType = sourcecode.swift; path = ErrorView.swift; sourceTree = "<group>"; };
		3F0013A9A66BAEA943D110B2 /* LocationManager.swift */ = {isa = PBXFileReference; lastKnownFileType = sourcecode.swift; path = LocationManager.swift; sourceTree = "<group>"; };
		53632C2C3EF10CCFEBFEFEF9 /* vidbiy.wav */ = {isa = PBXFileReference; lastKnownFileType = audio.wav; path = vidbiy.wav; sourceTree = "<group>"; };
		5555D0ACDDF16CE8A2BB3331 /* SirenUATests.swift */ = {isa = PBXFileReference; lastKnownFileType = sourcecode.swift; path = SirenUATests.swift; sourceTree = "<group>"; };
		5BE89A0DCB959AB4DDF739E8 /* SirenUAApp.swift */ = {isa = PBXFileReference; lastKnownFileType = sourcecode.swift; path = SirenUAApp.swift; sourceTree = "<group>"; };
		5E725A6AA00F1F2090A7BEA7 /* AlertRegion.swift */ = {isa = PBXFileReference; lastKnownFileType = sourcecode.swift; path = AlertRegion.swift; sourceTree = "<group>"; };
		68EC910745AFC030C9AA4221 /* StoreKitManager.swift */ = {isa = PBXFileReference; lastKnownFileType = sourcecode.swift; path = StoreKitManager.swift; sourceTree = "<group>"; };
		6D32ECD70639E932D11EA5CE /* iOS16FallbackView.swift */ = {isa = PBXFileReference; lastKnownFileType = sourcecode.swift; path = iOS16FallbackView.swift; sourceTree = "<group>"; };
		75D1CBFD6A5EF01AD76B8D06 /* NotificationManager.swift */ = {isa = PBXFileReference; lastKnownFileType = sourcecode.swift; path = NotificationManager.swift; sourceTree = "<group>"; };
		8601EC2B196450F8EC9C782E /* ukraine_regions.geojson */ = {isa = PBXFileReference; lastKnownFileType = text; path = ukraine_regions.geojson; sourceTree = "<group>"; };
		8BA16504A891512121DBF64D /* Assets.xcassets */ = {isa = PBXFileReference; lastKnownFileType = folder.assetcatalog; path = Assets.xcassets; sourceTree = "<group>"; };
		8F2BECB950730B1B0C48EE56 /* siren.wav */ = {isa = PBXFileReference; lastKnownFileType = audio.wav; path = siren.wav; sourceTree = "<group>"; };
		8F7FB3048F4260BCAEE21C4F /* AppDelegate.swift */ = {isa = PBXFileReference; lastKnownFileType = sourcecode.swift; path = AppDelegate.swift; sourceTree = "<group>"; };
		ACB2942349EA5F82FA78C53B /* SirenUA.app */ = {isa = PBXFileReference; explicitFileType = wrapper.application; includeInIndex = 0; path = SirenUA.app; sourceTree = BUILT_PRODUCTS_DIR; };
		BD85FFE72DB672C49C09EDBB /* SirenUATests.xctest */ = {isa = PBXFileReference; explicitFileType = wrapper.cfbundle; includeInIndex = 0; path = SirenUATests.xctest; sourceTree = BUILT_PRODUCTS_DIR; };
		C04391E80219E2B099533C21 /* Info.plist */ = {isa = PBXFileReference; lastKnownFileType = text.plist; path = Info.plist; sourceTree = "<group>"; };
		C620D89A60507FFC74C69528 /* NetworkManager.swift */ = {isa = PBXFileReference; lastKnownFileType = sourcecode.swift; path = NetworkManager.swift; sourceTree = "<group>"; };
		CD053B9754B66B36FE55849E /* GeoJSONManager.swift */ = {isa = PBXFileReference; lastKnownFileType = sourcecode.swift; path = GeoJSONManager.swift; sourceTree = "<group>"; };
		D030500F1F4D0B8471A88103 /* AlertViewModelV3.swift */ = {isa = PBXFileReference; lastKnownFileType = sourcecode.swift; path = AlertViewModelV3.swift; sourceTree = "<group>"; };
		EFD7AABBBDBB2CA5C7BE4BEA /* warning.wav */ = {isa = PBXFileReference; lastKnownFileType = audio.wav; path = warning.wav; sourceTree = "<group>"; };
		F207912A937C87B6D7143563 /* ContentView.swift */ = {isa = PBXFileReference; lastKnownFileType = sourcecode.swift; path = ContentView.swift; sourceTree = "<group>"; };
		48ADBDC6A7EFDD74D0BE51CD /* MapComponents.swift */ = {isa = PBXFileReference; lastKnownFileType = sourcecode.swift; path = MapComponents.swift; sourceTree = "<group>"; };
		FC3BC3D8DF3F910DA14871B1 /* GoogleService-Info.plist */ = {isa = PBXFileReference; lastKnownFileType = text.plist; path = "GoogleService-Info.plist"; sourceTree = "<group>"; };
/* End PBXFileReference section */

/* Begin PBXFrameworksBuildPhase section */
		9961641748FCAD5829CEF431 /* Frameworks */ = {
			isa = PBXFrameworksBuildPhase;
			buildActionMask = 2147483647;
			files = (
				C0F781FEC3AD217C5038F12C /* FirebaseMessaging in Frameworks */,
			);
			runOnlyForDeploymentPostprocessing = 0;
		};
/* End PBXFrameworksBuildPhase section */

/* Begin PBXGroup section */
		18DE5B617B7269F367C75942 /* SirenUATests */ = {
			isa = PBXGroup;
			children = (
				5555D0ACDDF16CE8A2BB3331 /* SirenUATests.swift */,
			);
			name = SirenUATests;
			path = Tests/SirenUATests;
			sourceTree = "<group>";
		};
		902EDB3201BBFAE7BF8E3479 /* Products */ = {
			isa = PBXGroup;
			children = (
				ACB2942349EA5F82FA78C53B /* SirenUA.app */,
				BD85FFE72DB672C49C09EDBB /* SirenUATests.xctest */,
			);
			name = Products;
			sourceTree = "<group>";
		};
		A4238FC994302AA1F6C6C34D /* SirenUA */ = {
			isa = PBXGroup;
			children = (
				5E725A6AA00F1F2090A7BEA7 /* AlertRegion.swift */,
				091089E57CCE3C6765599515 /* AlertRegionDetailView.swift */,
				D030500F1F4D0B8471A88103 /* AlertViewModelV3.swift */,
				8F7FB3048F4260BCAEE21C4F /* AppDelegate.swift */,
				8BA16504A891512121DBF64D /* Assets.xcassets */,
				F207912A937C87B6D7143563 /* ContentView.swift */,
				48ADBDC6A7EFDD74D0BE51CD /* MapComponents.swift */,
				1D5CF43F48702EDF4967BC37 /* CriticalAlertManager.swift */,
				3C09ADEA4D52330CA8C514F0 /* ErrorView.swift */,
				CD053B9754B66B36FE55849E /* GeoJSONManager.swift */,
				FC3BC3D8DF3F910DA14871B1 /* GoogleService-Info.plist */,
				C04391E80219E2B099533C21 /* Info.plist */,
				6D32ECD70639E932D11EA5CE /* iOS16FallbackView.swift */,
				3F0013A9A66BAEA943D110B2 /* LocationManager.swift */,
				C620D89A60507FFC74C69528 /* NetworkManager.swift */,
				75D1CBFD6A5EF01AD76B8D06 /* NotificationManager.swift */,
				350F86D91B43A65872F753FF /* SettingsView.swift */,
				8F2BECB950730B1B0C48EE56 /* siren.wav */,
				0339979594E28EFDB0679230 /* SirenUA.entitlements */,
				5BE89A0DCB959AB4DDF739E8 /* SirenUAApp.swift */,
				68EC910745AFC030C9AA4221 /* StoreKitManager.swift */,
				8601EC2B196450F8EC9C782E /* ukraine_regions.geojson */,
				53632C2C3EF10CCFEBFEFEF9 /* vidbiy.wav */,
				EFD7AABBBDBB2CA5C7BE4BEA /* warning.wav */,
			);
			name = SirenUA;
			path = Sources/SirenUA;
			sourceTree = "<group>";
		};
		B78475888FF0DA172BCAF01B = {
			isa = PBXGroup;
			children = (
				A4238FC994302AA1F6C6C34D /* SirenUA */,
				18DE5B617B7269F367C75942 /* SirenUATests */,
				902EDB3201BBFAE7BF8E3479 /* Products */,
			);
			sourceTree = "<group>";
		};
/* End PBXGroup section */

/* Begin PBXNativeTarget section */
		6FED4E7D2C5E3F833E549231 /* SirenUATests */ = {
			isa = PBXNativeTarget;
			buildConfigurationList = B8D01FC8916CF43F6A0DDF10 /* Build configuration list for PBXNativeTarget "SirenUATests" */;
			buildPhases = (
				A2445DC40B5AC706535D391C /* Sources */,
			);
			buildRules = (
			);
			dependencies = (
				012A4B0B7F4E104802B3BD91 /* PBXTargetDependency */,
			);
			name = SirenUATests;
			packageProductDependencies = (
			);
			productName = SirenUATests;
			productReference = BD85FFE72DB672C49C09EDBB /* SirenUATests.xctest */;
			productType = "com.apple.product-type.bundle.unit-test";
		};
		D39A6B242D4A85E6D3CD2867 /* SirenUA */ = {
			isa = PBXNativeTarget;
			buildConfigurationList = 05F1C3AAF3B762FB3FEC715E /* Build configuration list for PBXNativeTarget "SirenUA" */;
			buildPhases = (
				554AB01A9DD75E57745827E7 /* Sources */,
				79F8D7B3AB6FEF0DAEEB33DE /* Resources */,
				9961641748FCAD5829CEF431 /* Frameworks */,
			);
			buildRules = (
			);
			dependencies = (
			);
			name = SirenUA;
			packageProductDependencies = (
				75B406C5353E9D61FB78753B /* FirebaseMessaging */,
			);
			productName = SirenUA;
			productReference = ACB2942349EA5F82FA78C53B /* SirenUA.app */;
			productType = "com.apple.product-type.application";
		};
/* End PBXNativeTarget section */

/* Begin PBXProject section */
		3334E6041B77B4CFD34C545C /* Project object */ = {
			isa = PBXProject;
			attributes = {
				BuildIndependentTargetsInParallel = YES;
				LastUpgradeCheck = 2650;
				TargetAttributes = {
					D39A6B242D4A85E6D3CD2867 = {
						DevelopmentTeam = B7WVJ3B4B7;
						ProvisioningStyle = Automatic;
					};
				};
			};
			buildConfigurationList = 539069778AA97DABE169DFC8 /* Build configuration list for PBXProject "SirenUA" */;
			developmentRegion = en;
			hasScannedForEncodings = 0;
			knownRegions = (
				Base,
				en,
			);
			mainGroup = B78475888FF0DA172BCAF01B;
			minimizedProjectReferenceProxies = 1;
			packageReferences = (
				E74F56CD5D8D536461D1E11C /* XCRemoteSwiftPackageReference "firebase-ios-sdk" */,
			);
			preferredProjectObjectVersion = 77;
			productRefGroup = 902EDB3201BBFAE7BF8E3479 /* Products */;
			projectDirPath = "";
			projectRoot = "";
			targets = (
				D39A6B242D4A85E6D3CD2867 /* SirenUA */,
				6FED4E7D2C5E3F833E549231 /* SirenUATests */,
			);
		};
/* End PBXProject section */

/* Begin PBXResourcesBuildPhase section */
		79F8D7B3AB6FEF0DAEEB33DE /* Resources */ = {
			isa = PBXResourcesBuildPhase;
			buildActionMask = 2147483647;
			files = (
				0BF5F32FB26B890732259C61 /* Assets.xcassets in Resources */,
				1D0C280BB11CFCDC3CAF26EC /* GoogleService-Info.plist in Resources */,
				F9981CFEFAF1962CC2C1E43D /* siren.wav in Resources */,
				76125A2F5230A43D69AC7E8C /* ukraine_regions.geojson in Resources */,
				6641B169DC12DCDDC2B1AF8F /* vidbiy.wav in Resources */,
				70F0E935C5B499A74D89BBD8 /* warning.wav in Resources */,
			);
			runOnlyForDeploymentPostprocessing = 0;
		};
/* End PBXResourcesBuildPhase section */

/* Begin PBXSourcesBuildPhase section */
		554AB01A9DD75E57745827E7 /* Sources */ = {
			isa = PBXSourcesBuildPhase;
			buildActionMask = 2147483647;
			files = (
				035D5A2A842685CDE3A8053F /* AlertRegion.swift in Sources */,
				59FB00679BD0DCE007DEDEE3 /* AlertRegionDetailView.swift in Sources */,
				360CC8F390534947DC52FC7E /* AlertViewModelV3.swift in Sources */,
				7877DCE88DFB4E8DFC918AE5 /* AppDelegate.swift in Sources */,
				8EDE3FE7D3DFFFBED776F901 /* ContentView.swift in Sources */,
				D93974F2D5ACB6B3F7C82F10 /* MapComponents.swift in Sources */,
				DFD5CFBE2F924CA3EBAF8C12 /* CriticalAlertManager.swift in Sources */,
				2E6D12A84049E12DAD1085CD /* ErrorView.swift in Sources */,
				49466FA86A652C232591F891 /* GeoJSONManager.swift in Sources */,
				3D16E1A13F301CF850EEDEE8 /* LocationManager.swift in Sources */,
				EA5C79F241ACC26C7F16F20C /* NetworkManager.swift in Sources */,
				E25B06D0D4041BFD0F4145D3 /* NotificationManager.swift in Sources */,
				E7E9910F0D8585C65D4354B0 /* SettingsView.swift in Sources */,
				32861EDC02596352A97E2630 /* SirenUAApp.swift in Sources */,
				6666B1AB2B572913D0B5AF33 /* StoreKitManager.swift in Sources */,
				F6ED65D08CBFBAA31215E71C /* iOS16FallbackView.swift in Sources */,
			);
			runOnlyForDeploymentPostprocessing = 0;
		};
		A2445DC40B5AC706535D391C /* Sources */ = {
			isa = PBXSourcesBuildPhase;
			buildActionMask = 2147483647;
			files = (
				5316B808E69D69E986C8EF98 /* SirenUATests.swift in Sources */,
			);
			runOnlyForDeploymentPostprocessing = 0;
		};
/* End PBXSourcesBuildPhase section */

/* Begin PBXTargetDependency section */
		012A4B0B7F4E104802B3BD91 /* PBXTargetDependency */ = {
			isa = PBXTargetDependency;
			target = D39A6B242D4A85E6D3CD2867 /* SirenUA */;
			targetProxy = F08055A8B2905AE93EDD2FAA /* PBXContainerItemProxy */;
		};
/* End PBXTargetDependency section */

/* Begin XCBuildConfiguration section */
		033A83DFAD8452A010828CE2 /* Release */ = {
			isa = XCBuildConfiguration;
			buildSettings = {
				BUNDLE_LOADER = "$(TEST_HOST)";
				DEVELOPMENT_TEAM = B7WVJ3B4B7;
				GENERATE_INFOPLIST_FILE = YES;
				IPHONEOS_DEPLOYMENT_TARGET = 16.0;
				LD_RUNPATH_SEARCH_PATHS = (
					"$(inherited)",
					"@executable_path/Frameworks",
					"@loader_path/Frameworks",
				);
				PRODUCT_BUNDLE_IDENTIFIER = com.sirenua.SirenUATests;
				SDKROOT = iphoneos;
				TARGETED_DEVICE_FAMILY = "1,2";
				TEST_HOST = "$(BUILT_PRODUCTS_DIR)/SirenUA.app/SirenUA";
			};
			name = Release;
		};
		1135663D2D010C7C41D97C28 /* Release */ = {
			isa = XCBuildConfiguration;
			buildSettings = {
				ASSETCATALOG_COMPILER_APPICON_NAME = AppIcon;
				CODE_SIGNING_REQUIRED = YES;
				CODE_SIGN_ENTITLEMENTS = Sources/SirenUA/SirenUA.entitlements;
				CODE_SIGN_IDENTITY = "Apple Development";
				CODE_SIGN_STYLE = Automatic;
				DEVELOPMENT_TEAM = B7WVJ3B4B7;
				INFOPLIST_FILE = Sources/SirenUA/Info.plist;
				IPHONEOS_DEPLOYMENT_TARGET = 16.0;
				LD_RUNPATH_SEARCH_PATHS = (
					"$(inherited)",
					"@executable_path/Frameworks",
				);
				PRODUCT_BUNDLE_IDENTIFIER = com.sirenua.SirenUA;
				SDKROOT = iphoneos;
				SWIFT_VERSION = 5.0;
				TARGETED_DEVICE_FAMILY = "1,2";
			};
			name = Release;
		};
		13B997D2C035E1868F2866BE /* Debug */ = {
			isa = XCBuildConfiguration;
			buildSettings = {
				ASSETCATALOG_COMPILER_APPICON_NAME = AppIcon;
				CODE_SIGNING_REQUIRED = YES;
				CODE_SIGN_ENTITLEMENTS = Sources/SirenUA/SirenUA.entitlements;
				CODE_SIGN_IDENTITY = "Apple Development";
				CODE_SIGN_STYLE = Automatic;
				DEVELOPMENT_TEAM = B7WVJ3B4B7;
				INFOPLIST_FILE = Sources/SirenUA/Info.plist;
				IPHONEOS_DEPLOYMENT_TARGET = 16.0;
				LD_RUNPATH_SEARCH_PATHS = (
					"$(inherited)",
					"@executable_path/Frameworks",
				);
				PRODUCT_BUNDLE_IDENTIFIER = com.sirenua.SirenUA;
				SDKROOT = iphoneos;
				SWIFT_VERSION = 5.0;
				TARGETED_DEVICE_FAMILY = "1,2";
			};
			name = Debug;
		};
		9B5E3A36FDE326E7215128CF /* Debug */ = {
			isa = XCBuildConfiguration;
			buildSettings = {
				BUNDLE_LOADER = "$(TEST_HOST)";
				DEVELOPMENT_TEAM = B7WVJ3B4B7;
				GENERATE_INFOPLIST_FILE = YES;
				IPHONEOS_DEPLOYMENT_TARGET = 16.0;
				LD_RUNPATH_SEARCH_PATHS = (
					"$(inherited)",
					"@executable_path/Frameworks",
					"@loader_path/Frameworks",
				);
				PRODUCT_BUNDLE_IDENTIFIER = com.sirenua.SirenUATests;
				SDKROOT = iphoneos;
				TARGETED_DEVICE_FAMILY = "1,2";
				TEST_HOST = "$(BUILT_PRODUCTS_DIR)/SirenUA.app/SirenUA";
			};
			name = Debug;
		};
		B7F380FF1C5D74DD47B1ABEB /* Debug */ = {
			isa = XCBuildConfiguration;
			buildSettings = {
				ALWAYS_SEARCH_USER_PATHS = NO;
				CLANG_ANALYZER_NONNULL = YES;
				CLANG_ANALYZER_NUMBER_OBJECT_CONVERSION = YES_AGGRESSIVE;
				CLANG_CXX_LANGUAGE_STANDARD = "gnu++14";
				CLANG_CXX_LIBRARY = "libc++";
				CLANG_ENABLE_MODULES = YES;
				CLANG_ENABLE_OBJC_ARC = YES;
				CLANG_ENABLE_OBJC_WEAK = YES;
				CLANG_WARN_BLOCK_CAPTURE_AUTORELEASING = YES;
				CLANG_WARN_BOOL_CONVERSION = YES;
				CLANG_WARN_COMMA = YES;
				CLANG_WARN_CONSTANT_CONVERSION = YES;
				CLANG_WARN_DEPRECATED_OBJC_IMPLEMENTATIONS = YES;
				CLANG_WARN_DIRECT_OBJC_ISA_USAGE = YES_ERROR;
				CLANG_WARN_DOCUMENTATION_COMMENTS = YES;
				CLANG_WARN_EMPTY_BODY = YES;
				CLANG_WARN_ENUM_CONVERSION = YES;
				CLANG_WARN_INFINITE_RECURSION = YES;
				CLANG_WARN_INT_CONVERSION = YES;
				CLANG_WARN_NON_LITERAL_NULL_CONVERSION = YES;
				CLANG_WARN_OBJC_IMPLICIT_RETAIN_SELF = YES;
				CLANG_WARN_OBJC_LITERAL_CONVERSION = YES;
				CLANG_WARN_OBJC_ROOT_CLASS = YES_ERROR;
				CLANG_WARN_QUOTED_INCLUDE_IN_FRAMEWORK_HEADER = YES;
				CLANG_WARN_RANGE_LOOP_ANALYSIS = YES;
				CLANG_WARN_STRICT_PROTOTYPES = YES;
				CLANG_WARN_SUSPICIOUS_MOVE = YES;
				CLANG_WARN_UNGUARDED_AVAILABILITY = YES_AGGRESSIVE;
				CLANG_WARN_UNREACHABLE_CODE = YES;
				CLANG_WARN__DUPLICATE_METHOD_MATCH = YES;
				COPY_PHASE_STRIP = NO;
				DEBUG_INFORMATION_FORMAT = dwarf;
				ENABLE_STRICT_OBJC_MSGSEND = YES;
				ENABLE_TESTABILITY = YES;
				ENABLE_USER_SCRIPT_SANDBOXING = YES;
				GCC_C_LANGUAGE_STANDARD = gnu11;
				GCC_DYNAMIC_NO_PIC = NO;
				GCC_NO_COMMON_BLOCKS = YES;
				GCC_OPTIMIZATION_LEVEL = 0;
				GCC_PREPROCESSOR_DEFINITIONS = (
					"$(inherited)",
					"DEBUG=1",
				);
				GCC_WARN_64_TO_32_BIT_CONVERSION = YES;
				GCC_WARN_ABOUT_RETURN_TYPE = YES_ERROR;
				GCC_WARN_UNDECLARED_SELECTOR = YES;
				GCC_WARN_UNINITIALIZED_AUTOS = YES_AGGRESSIVE;
				GCC_WARN_UNUSED_FUNCTION = YES;
				GCC_WARN_UNUSED_VARIABLE = YES;
				MTL_ENABLE_DEBUG_INFO = INCLUDE_SOURCE;
				MTL_FAST_MATH = YES;
				ONLY_ACTIVE_ARCH = YES;
				PRODUCT_NAME = "$(TARGET_NAME)";
				SDKROOT = iphoneos;
				STRING_CATALOG_GENERATE_SYMBOLS = YES;
				SWIFT_ACTIVE_COMPILATION_CONDITIONS = DEBUG;
				SWIFT_OPTIMIZATION_LEVEL = "-Onone";
				SWIFT_VERSION = 5.0;
			};
			name = Debug;
		};
		FA827AFDA02AE8D5D2107111 /* Release */ = {
			isa = XCBuildConfiguration;
			buildSettings = {
				ALWAYS_SEARCH_USER_PATHS = NO;
				CLANG_ANALYZER_NONNULL = YES;
				CLANG_ANALYZER_NUMBER_OBJECT_CONVERSION = YES_AGGRESSIVE;
				CLANG_CXX_LANGUAGE_STANDARD = "gnu++14";
				CLANG_CXX_LIBRARY = "libc++";
				CLANG_ENABLE_MODULES = YES;
				CLANG_ENABLE_OBJC_ARC = YES;
				CLANG_ENABLE_OBJC_WEAK = YES;
				CLANG_WARN_BLOCK_CAPTURE_AUTORELEASING = YES;
				CLANG_WARN_BOOL_CONVERSION = YES;
				CLANG_WARN_COMMA = YES;
				CLANG_WARN_CONSTANT_CONVERSION = YES;
				CLANG_WARN_DEPRECATED_OBJC_IMPLEMENTATIONS = YES;
				CLANG_WARN_DIRECT_OBJC_ISA_USAGE = YES_ERROR;
				CLANG_WARN_DOCUMENTATION_COMMENTS = YES;
				CLANG_WARN_EMPTY_BODY = YES;
				CLANG_WARN_ENUM_CONVERSION = YES;
				CLANG_WARN_INFINITE_RECURSION = YES;
				CLANG_WARN_INT_CONVERSION = YES;
				CLANG_WARN_NON_LITERAL_NULL_CONVERSION = YES;
				CLANG_WARN_OBJC_IMPLICIT_RETAIN_SELF = YES;
				CLANG_WARN_OBJC_LITERAL_CONVERSION = YES;
				CLANG_WARN_OBJC_ROOT_CLASS = YES_ERROR;
				CLANG_WARN_QUOTED_INCLUDE_IN_FRAMEWORK_HEADER = YES;
				CLANG_WARN_RANGE_LOOP_ANALYSIS = YES;
				CLANG_WARN_STRICT_PROTOTYPES = YES;
				CLANG_WARN_SUSPICIOUS_MOVE = YES;
				CLANG_WARN_UNGUARDED_AVAILABILITY = YES_AGGRESSIVE;
				CLANG_WARN_UNREACHABLE_CODE = YES;
				CLANG_WARN__DUPLICATE_METHOD_MATCH = YES;
				COPY_PHASE_STRIP = NO;
				DEBUG_INFORMATION_FORMAT = "dwarf-with-dsym";
				ENABLE_NS_ASSERTIONS = NO;
				ENABLE_STRICT_OBJC_MSGSEND = YES;
				ENABLE_USER_SCRIPT_SANDBOXING = YES;
				GCC_C_LANGUAGE_STANDARD = gnu11;
				GCC_NO_COMMON_BLOCKS = YES;
				GCC_WARN_64_TO_32_BIT_CONVERSION = YES;
				GCC_WARN_ABOUT_RETURN_TYPE = YES_ERROR;
				GCC_WARN_UNDECLARED_SELECTOR = YES;
				GCC_WARN_UNINITIALIZED_AUTOS = YES_AGGRESSIVE;
				GCC_WARN_UNUSED_FUNCTION = YES;
				GCC_WARN_UNUSED_VARIABLE = YES;
				MTL_ENABLE_DEBUG_INFO = NO;
				MTL_FAST_MATH = YES;
				PRODUCT_NAME = "$(TARGET_NAME)";
				SDKROOT = iphoneos;
				STRING_CATALOG_GENERATE_SYMBOLS = YES;
				SWIFT_COMPILATION_MODE = wholemodule;
				SWIFT_OPTIMIZATION_LEVEL = "-O";
				SWIFT_VERSION = 5.0;
			};
			name = Release;
		};
/* End XCBuildConfiguration section */

/* Begin XCConfigurationList section */
		05F1C3AAF3B762FB3FEC715E /* Build configuration list for PBXNativeTarget "SirenUA" */ = {
			isa = XCConfigurationList;
			buildConfigurations = (
				13B997D2C035E1868F2866BE /* Debug */,
				1135663D2D010C7C41D97C28 /* Release */,
			);
			defaultConfigurationIsVisible = 0;
			defaultConfigurationName = Debug;
		};
		539069778AA97DABE169DFC8 /* Build configuration list for PBXProject "SirenUA" */ = {
			isa = XCConfigurationList;
			buildConfigurations = (
				B7F380FF1C5D74DD47B1ABEB /* Debug */,
				FA827AFDA02AE8D5D2107111 /* Release */,
			);
			defaultConfigurationIsVisible = 0;
			defaultConfigurationName = Debug;
		};
		B8D01FC8916CF43F6A0DDF10 /* Build configuration list for PBXNativeTarget "SirenUATests" */ = {
			isa = XCConfigurationList;
			buildConfigurations = (
				9B5E3A36FDE326E7215128CF /* Debug */,
				033A83DFAD8452A010828CE2 /* Release */,
			);
			defaultConfigurationIsVisible = 0;
			defaultConfigurationName = Debug;
		};
/* End XCConfigurationList section */

/* Begin XCRemoteSwiftPackageReference section */
		E74F56CD5D8D536461D1E11C /* XCRemoteSwiftPackageReference "firebase-ios-sdk" */ = {
			isa = XCRemoteSwiftPackageReference;
			repositoryURL = "https://github.com/firebase/firebase-ios-sdk";
			requirement = {
				kind = upToNextMajorVersion;
				minimumVersion = 10.0.0;
			};
		};
/* End XCRemoteSwiftPackageReference section */

/* Begin XCSwiftPackageProductDependency section */
		75B406C5353E9D61FB78753B /* FirebaseMessaging */ = {
			isa = XCSwiftPackageProductDependency;
			package = E74F56CD5D8D536461D1E11C /* XCRemoteSwiftPackageReference "firebase-ios-sdk" */;
			productName = FirebaseMessaging;
		};
/* End XCSwiftPackageProductDependency section */
	};
	rootObject = 3334E6041B77B4CFD34C545C /* Project object */;
}
